<?xml version="1.0" encoding="utf-8"?>
<Project ToolsVersion="4.0" xmlns="http://schemas.microsoft.com/developer/msbuild/2003">
  <ItemGroup>
    <ClCompile Include="Builder.cpp" />
    <ClCompile Include="stdafx.cpp" />
  </ItemGroup>
  <ItemGroup>
    <ClInclude Include="base64.h" />
    <ClInclude Include="json.hpp" />
    <ClInclude Include="rc4.h" />
    <ClInclude Include="stdafx.h" />
    <ClInclude Include="targetver.h" />
    <ClInclude Include="DarkRequest.h" />
    <ClInclude Include="URL.h" />
    <ClInclude Include="..\..\include\antidbg.h" />
    <ClInclude Include="rawclient.h" />
  </ItemGroup>
</Project>