
Microsoft Visual Studio Solution File, Format Version 12.00
# Visual Studio Version 16
VisualStudioVersion = 16.0.28803.202
MinimumVisualStudioVersion = 10.0.40219.1
Project("{FAE04EC0-301F-11D3-BF4B-00C04F79EFBC}") = "DarkRatBuilderNet", "DarkRatBuilderNet\DarkRatBuilderNet.csproj", "{349E3F81-1F35-469E-B92B-4EB657259E21}"
EndProject
Global
	GlobalSection(SolutionConfigurationPlatforms) = preSolution
		Debug|Any CPU = Debug|Any CPU
		Release|Any CPU = Release|Any CPU
	EndGlobalSection
	GlobalSection(ProjectConfigurationPlatforms) = postSolution
		{349E3F81-1F35-469E-B92B-4EB657259E21}.Debug|Any CPU.ActiveCfg = Debug|Any CPU
		{349E3F81-1F35-469E-B92B-4EB657259E21}.Debug|Any CPU.Build.0 = Debug|Any CPU
		{349E3F81-1F35-469E-B92B-4EB657259E21}.Release|Any CPU.ActiveCfg = Release|Any CPU
		{349E3F81-1F35-469E-B92B-4EB657259E21}.Release|Any CPU.Build.0 = Release|Any CPU
	EndGlobalSection
	GlobalSection(SolutionProperties) = preSolution
		HideSolutionNode = FALSE
	EndGlobalSection
	GlobalSection(ExtensibilityGlobals) = postSolution
		SolutionGuid = {61D5D611-88DA-4D9D-9941-29309D3E82A6}
	EndGlobalSection
EndGlobal
